
Microsoft Visual Studio Solution File, Format Version 12.00
# Visual Studio 15
VisualStudioVersion = 15.0.28010.2050
MinimumVisualStudioVersion = 10.0.40219.1
Project("{E24C65DC-7377-472B-9ABA-BC803B73C61A}") = "ITS", "ITS\", "{165BC7D3-DC84-4DE3-8492-913A354A825A}"
	ProjectSection(WebsiteProperties) = preProject
		TargetFrameworkMoniker = ".NETFramework,Version%3Dv4.6.1"
		Debug.AspNetCompiler.VirtualPath = "/localhost_62723"
		Debug.AspNetCompiler.PhysicalPath = "ITS\"
		Debug.AspNetCompiler.TargetPath = "PrecompiledWeb\localhost_62723\"
		Debug.AspNetCompiler.Updateable = "true"
		Debug.AspNetCompiler.ForceOverwrite = "true"
		Debug.AspNetCompiler.FixedNames = "false"
		Debug.AspNetCompiler.Debug = "True"
		Release.AspNetCompiler.VirtualPath = "/localhost_62723"
		Release.AspNetCompiler.PhysicalPath = "ITS\"
		Release.AspNetCompiler.TargetPath = "PrecompiledWeb\localhost_62723\"
		Release.AspNetCompiler.Updateable = "true"
		Release.AspNetCompiler.ForceOverwrite = "true"
		Release.AspNetCompiler.FixedNames = "false"
		Release.AspNetCompiler.Debug = "False"
		VWDPort = "62723"
		SlnRelativePath = "ITS\"
		DefaultWebSiteLanguage = "Visual C#"
	EndProjectSection
EndProject
Global
	GlobalSection(SolutionConfigurationPlatforms) = preSolution
		Debug|Any CPU = Debug|Any CPU
	EndGlobalSection
	GlobalSection(ProjectConfigurationPlatforms) = postSolution
		{165BC7D3-DC84-4DE3-8492-913A354A825A}.Debug|Any CPU.ActiveCfg = Debug|Any CPU
		{165BC7D3-DC84-4DE3-8492-913A354A825A}.Debug|Any CPU.Build.0 = Debug|Any CPU
	EndGlobalSection
	GlobalSection(SolutionProperties) = preSolution
		HideSolutionNode = FALSE
	EndGlobalSection
	GlobalSection(ExtensibilityGlobals) = postSolution
		SolutionGuid = {B2AD4948-88FC-49AF-8883-DF1C7C320BDB}
	EndGlobalSection
EndGlobal
